%{"amqp": {:hex, :amqp, "0.2.3", "fa2495c0744e8fbf8acadb26d919ddad50630dd5019765dc1279911b3c650436", [:mix], [{:amqp_client, "~> 3.6.8", [hex: :amqp_client, repo: "hexpm", optional: false]}, {:rabbit_common, "~> 3.6.8", [hex: :rabbit_common, repo: "hexpm", optional: false]}], "hexpm"},
  "amqp_client": {:hex, :amqp_client, "3.6.10", "f26fbacca4e71f58eba1a57746e5f10598550aa46e89bc67060da6ad1a6d95d5", [:make, :rebar3], [{:rabbit_common, "3.6.10", [hex: :rabbit_common, repo: "hexpm", optional: false]}], "hexpm"},
  "certifi": {:hex, :certifi, "1.2.1", "c3904f192bd5284e5b13f20db3ceac9626e14eeacfbb492e19583cf0e37b22be", [:rebar3], [], "hexpm"},
  "hackney": {:hex, :hackney, "1.8.6", "21a725db3569b3fb11a6af17d5c5f654052ce9624219f1317e8639183de4a423", [:rebar3], [{:certifi, "1.2.1", [hex: :certifi, repo: "hexpm", optional: false]}, {:idna, "5.0.2", [hex: :idna, repo: "hexpm", optional: false]}, {:metrics, "1.0.1", [hex: :metrics, repo: "hexpm", optional: false]}, {:mimerl, "1.0.2", [hex: :mimerl, repo: "hexpm", optional: false]}, {:ssl_verify_fun, "1.1.1", [hex: :ssl_verify_fun, repo: "hexpm", optional: false]}], "hexpm"},
  "idna": {:hex, :idna, "5.0.2", "ac203208ada855d95dc591a764b6e87259cb0e2a364218f215ad662daa8cd6b4", [:rebar3], [{:unicode_util_compat, "0.2.0", [hex: :unicode_util_compat, repo: "hexpm", optional: false]}], "hexpm"},
  "metrics": {:hex, :metrics, "1.0.1", "25f094dea2cda98213cecc3aeff09e940299d950904393b2a29d191c346a8486", [:rebar3], [], "hexpm"},
  "mimerl": {:hex, :mimerl, "1.0.2", "993f9b0e084083405ed8252b99460c4f0563e41729ab42d9074fd5e52439be88", [:rebar3], [], "hexpm"},
  "poison": {:hex, :poison, "3.1.0", "d9eb636610e096f86f25d9a46f35a9facac35609a7591b3be3326e99a0484665", [:mix], [], "hexpm"},
  "rabbit_common": {:hex, :rabbit_common, "3.6.10", "2217845381350258c5714c22905ec197af0c4dd38eb3b6a5ddbf55c5bd93f127", [:make, :rebar3], [], "hexpm"},
  "rollbax": {:hex, :rollbax, "0.8.2", "204a47a83fe32745def19ea0307b297395c00315fb85f30dfda04d5009b5ecb9", [:mix], [{:hackney, "~> 1.1", [hex: :hackney, repo: "hexpm", optional: false]}, {:poison, "~> 1.4 or ~> 2.0 or ~> 3.0", [hex: :poison, repo: "hexpm", optional: false]}], "hexpm"},
  "ssl_verify_fun": {:hex, :ssl_verify_fun, "1.1.1", "28a4d65b7f59893bc2c7de786dec1e1555bd742d336043fe644ae956c3497fbe", [:make, :rebar], [], "hexpm"},
  "unicode_util_compat": {:hex, :unicode_util_compat, "0.2.0", "dbbccf6781821b1c0701845eaf966c9b6d83d7c3bfc65ca2b78b88b8678bfa35", [:rebar3], [], "hexpm"}}
